// !$*UTF8*$!
{
	archiveVersion = 1;
	classes = {
	};
	objectVersion = 46;
	objects = {

/* Begin PBXBuildFile section */
		3831EE841CB6FBBA000AB914 /* DescribeImageResult.swift in Sources */ = {isa = PBXBuildFile; fileRef = 3831EE831CB6FBBA000AB914 /* DescribeImageResult.swift */; };
		3831EE861CB6FFE1000AB914 /* OCRImageResult.swift in Sources */ = {isa = PBXBuildFile; fileRef = 3831EE851CB6FFE1000AB914 /* OCRImageResult.swift */; };
		3831EE881CB7021C000AB914 /* EmotionImageResult.swift in Sources */ = {isa = PBXBuildFile; fileRef = 3831EE871CB7021C000AB914 /* EmotionImageResult.swift */; };
		38327A121CCED4E500332AE2 /* ActionAssets.xcassets in Resources */ = {isa = PBXBuildFile; fileRef = 38327A111CCED4E500332AE2 /* ActionAssets.xcassets */; };
		3834C5C41CBC30D3009D7897 /* MicrosoftServicesClient.swift in Sources */ = {isa = PBXBuildFile; fileRef = 3834C5C31CBC30D3009D7897 /* MicrosoftServicesClient.swift */; };
		3834C5C61CBC315C009D7897 /* StdlibExtensions.swift in Sources */ = {isa = PBXBuildFile; fileRef = 3834C5C51CBC315C009D7897 /* StdlibExtensions.swift */; };
		3838A1941CB56AB500423913 /* AppDelegate.swift in Sources */ = {isa = PBXBuildFile; fileRef = 3838A1931CB56AB500423913 /* AppDelegate.swift */; };
		3838A1961CB56AB500423913 /* ResultsViewController.swift in Sources */ = {isa = PBXBuildFile; fileRef = 3838A1951CB56AB500423913 /* ResultsViewController.swift */; };
		3838A1991CB56AB500423913 /* Main.storyboard in Resources */ = {isa = PBXBuildFile; fileRef = 3838A1971CB56AB500423913 /* Main.storyboard */; };
		3838A19B1CB56AB500423913 /* Assets.xcassets in Resources */ = {isa = PBXBuildFile; fileRef = 3838A19A1CB56AB500423913 /* Assets.xcassets */; };
		3838A19E1CB56AB500423913 /* LaunchScreen.storyboard in Resources */ = {isa = PBXBuildFile; fileRef = 3838A19C1CB56AB500423913 /* LaunchScreen.storyboard */; };
		3838A1B61CB57DCA00423913 /* AnalyzeImage.json in Resources */ = {isa = PBXBuildFile; fileRef = 3838A1B51CB57DCA00423913 /* AnalyzeImage.json */; };
		3838A1B81CB57FC100423913 /* DescribeImage.json in Resources */ = {isa = PBXBuildFile; fileRef = 3838A1B71CB57FC100423913 /* DescribeImage.json */; };
		3838A1BA1CB57FF900423913 /* OCR.json in Resources */ = {isa = PBXBuildFile; fileRef = 3838A1B91CB57FF900423913 /* OCR.json */; };
		3838A1BC1CB5808800423913 /* Emotion.json in Resources */ = {isa = PBXBuildFile; fileRef = 3838A1BB1CB5808800423913 /* Emotion.json */; };
		3838A1BE1CB5858600423913 /* AnalyzeImageResult.swift in Sources */ = {isa = PBXBuildFile; fileRef = 3838A1BD1CB5858600423913 /* AnalyzeImageResult.swift */; };
		3838A1C01CB58ABA00423913 /* SubscriptionKeys.swift in Sources */ = {isa = PBXBuildFile; fileRef = 3838A1BF1CB58ABA00423913 /* SubscriptionKeys.swift */; };
		383FEA581CCC21F9005921BA /* CollectionViewModel.swift in Sources */ = {isa = PBXBuildFile; fileRef = 383FEA571CCC21F9005921BA /* CollectionViewModel.swift */; };
		383FEA5A1CCC222C005921BA /* Results.swift in Sources */ = {isa = PBXBuildFile; fileRef = 383FEA591CCC222C005921BA /* Results.swift */; };
		383FEA5C1CCC2250005921BA /* CollectionViewLayout.swift in Sources */ = {isa = PBXBuildFile; fileRef = 383FEA5B1CCC2250005921BA /* CollectionViewLayout.swift */; };
		383FEA5F1CCC228E005921BA /* CellForFullLineText.swift in Sources */ = {isa = PBXBuildFile; fileRef = 383FEA5E1CCC228E005921BA /* CellForFullLineText.swift */; };
		383FEA611CCC22A5005921BA /* CellWithImageView.swift in Sources */ = {isa = PBXBuildFile; fileRef = 383FEA601CCC22A5005921BA /* CellWithImageView.swift */; };
		383FEA631CCC22CA005921BA /* CellForTags.swift in Sources */ = {isa = PBXBuildFile; fileRef = 383FEA621CCC22CA005921BA /* CellForTags.swift */; };
		383FEA661CCC2350005921BA /* ItemWithMaximumWidth.swift in Sources */ = {isa = PBXBuildFile; fileRef = 383FEA651CCC2350005921BA /* ItemWithMaximumWidth.swift */; };
		3862E4C51CCD6E7600B20951 /* ActionViewController.swift in Sources */ = {isa = PBXBuildFile; fileRef = 3862E4C41CCD6E7600B20951 /* ActionViewController.swift */; };
		3862E4C81CCD6E7600B20951 /* MainInterface.storyboard in Resources */ = {isa = PBXBuildFile; fileRef = 3862E4C61CCD6E7600B20951 /* MainInterface.storyboard */; };
		3862E4CC1CCD6E7600B20951 /* Cognitive.appex in Embed App Extensions */ = {isa = PBXBuildFile; fileRef = 3862E4C21CCD6E7600B20951 /* Cognitive.appex */; settings = {ATTRIBUTES = (RemoveHeadersOnCopy, ); }; };
		3862E4D11CCD75D000B20951 /* Main.storyboard in Resources */ = {isa = PBXBuildFile; fileRef = 3838A1971CB56AB500423913 /* Main.storyboard */; };
		3862E4D21CCD75D800B20951 /* Assets.xcassets in Resources */ = {isa = PBXBuildFile; fileRef = 3838A19A1CB56AB500423913 /* Assets.xcassets */; };
		3862E4D31CCD75E700B20951 /* SubscriptionKeys.swift in Sources */ = {isa = PBXBuildFile; fileRef = 3838A1BF1CB58ABA00423913 /* SubscriptionKeys.swift */; };
		3862E4D41CCD75F200B20951 /* EmotionImageResult.swift in Sources */ = {isa = PBXBuildFile; fileRef = 3831EE871CB7021C000AB914 /* EmotionImageResult.swift */; };
		3862E4D51CCD75F200B20951 /* OCRImageResult.swift in Sources */ = {isa = PBXBuildFile; fileRef = 3831EE851CB6FFE1000AB914 /* OCRImageResult.swift */; };
		3862E4D61CCD75F200B20951 /* DescribeImageResult.swift in Sources */ = {isa = PBXBuildFile; fileRef = 3831EE831CB6FBBA000AB914 /* DescribeImageResult.swift */; };
		3862E4D71CCD75F200B20951 /* AnalyzeImageResult.swift in Sources */ = {isa = PBXBuildFile; fileRef = 3838A1BD1CB5858600423913 /* AnalyzeImageResult.swift */; };
		3862E4D81CCD75F200B20951 /* Results.swift in Sources */ = {isa = PBXBuildFile; fileRef = 383FEA591CCC222C005921BA /* Results.swift */; };
		3862E4D91CCD75F600B20951 /* CellForFullLineText.swift in Sources */ = {isa = PBXBuildFile; fileRef = 383FEA5E1CCC228E005921BA /* CellForFullLineText.swift */; };
		3862E4DA1CCD75F600B20951 /* CellWithImageView.swift in Sources */ = {isa = PBXBuildFile; fileRef = 383FEA601CCC22A5005921BA /* CellWithImageView.swift */; };
		3862E4DB1CCD75F600B20951 /* CellForTags.swift in Sources */ = {isa = PBXBuildFile; fileRef = 383FEA621CCC22CA005921BA /* CellForTags.swift */; };
		3862E4DC1CCD75F600B20951 /* ItemWithMaximumWidth.swift in Sources */ = {isa = PBXBuildFile; fileRef = 383FEA651CCC2350005921BA /* ItemWithMaximumWidth.swift */; };
		3862E4DD1CCD75FA00B20951 /* CollectionViewModel.swift in Sources */ = {isa = PBXBuildFile; fileRef = 383FEA571CCC21F9005921BA /* CollectionViewModel.swift */; };
		3862E4DE1CCD75FA00B20951 /* CollectionViewLayout.swift in Sources */ = {isa = PBXBuildFile; fileRef = 383FEA5B1CCC2250005921BA /* CollectionViewLayout.swift */; };
		3862E4DF1CCD75FD00B20951 /* ResultsViewController.swift in Sources */ = {isa = PBXBuildFile; fileRef = 3838A1951CB56AB500423913 /* ResultsViewController.swift */; };
		3862E4E01CCD760100B20951 /* MicrosoftServicesClient.swift in Sources */ = {isa = PBXBuildFile; fileRef = 3834C5C31CBC30D3009D7897 /* MicrosoftServicesClient.swift */; };
		3862E4E11CCD764A00B20951 /* StdlibExtensions.swift in Sources */ = {isa = PBXBuildFile; fileRef = 3834C5C51CBC315C009D7897 /* StdlibExtensions.swift */; };
		38702A451CD4BA6A00427E25 /* UIImage+Resize.swift in Sources */ = {isa = PBXBuildFile; fileRef = 38702A441CD4BA6A00427E25 /* UIImage+Resize.swift */; };
		38702A461CD4BDEF00427E25 /* UIImage+Resize.swift in Sources */ = {isa = PBXBuildFile; fileRef = 38702A441CD4BA6A00427E25 /* UIImage+Resize.swift */; };
		38702A481CD4D05C00427E25 /* Array+MapWithIndex.swift in Sources */ = {isa = PBXBuildFile; fileRef = 38702A471CD4D05C00427E25 /* Array+MapWithIndex.swift */; };
		38702A491CD4D2C100427E25 /* Array+MapWithIndex.swift in Sources */ = {isa = PBXBuildFile; fileRef = 38702A471CD4D05C00427E25 /* Array+MapWithIndex.swift */; };
		38702A4B1CD5079400427E25 /* Array+Unique.swift in Sources */ = {isa = PBXBuildFile; fileRef = 38702A4A1CD5079400427E25 /* Array+Unique.swift */; };
		38702A4C1CD5079800427E25 /* Array+Unique.swift in Sources */ = {isa = PBXBuildFile; fileRef = 38702A4A1CD5079400427E25 /* Array+Unique.swift */; };
		38702A4F1CD5099900427E25 /* AppController.swift in Sources */ = {isa = PBXBuildFile; fileRef = 38702A4E1CD5099900427E25 /* AppController.swift */; };
		38702A501CD5099900427E25 /* AppController.swift in Sources */ = {isa = PBXBuildFile; fileRef = 38702A4E1CD5099900427E25 /* AppController.swift */; };
		38702A541CD50BBC00427E25 /* CameraViewController.swift in Sources */ = {isa = PBXBuildFile; fileRef = 38702A531CD50BBC00427E25 /* CameraViewController.swift */; };
		38702A561CD5262800427E25 /* ResultsAggregator.swift in Sources */ = {isa = PBXBuildFile; fileRef = 38702A551CD5262800427E25 /* ResultsAggregator.swift */; };
		38702A571CD5262800427E25 /* ResultsAggregator.swift in Sources */ = {isa = PBXBuildFile; fileRef = 38702A551CD5262800427E25 /* ResultsAggregator.swift */; };
		38702A5B1CD5273700427E25 /* StoryboardIdentifier.swift in Sources */ = {isa = PBXBuildFile; fileRef = 38702A5A1CD5273700427E25 /* StoryboardIdentifier.swift */; };
		38702A5C1CD5273700427E25 /* StoryboardIdentifier.swift in Sources */ = {isa = PBXBuildFile; fileRef = 38702A5A1CD5273700427E25 /* StoryboardIdentifier.swift */; };
		38B22CD61CD568360040E142 /* README.md in Sources */ = {isa = PBXBuildFile; fileRef = 38B22CD51CD568360040E142 /* README.md */; };
/* End PBXBuildFile section */

/* Begin PBXContainerItemProxy section */
		3838A1A51CB56AB500423913 /* PBXContainerItemProxy */ = {
			isa = PBXContainerItemProxy;
			containerPortal = 3838A1881CB56AB500423913 /* Project object */;
			proxyType = 1;
			remoteGlobalIDString = 3838A18F1CB56AB500423913;
			remoteInfo = Cognitive;
		};
		3862E4CA1CCD6E7600B20951 /* PBXContainerItemProxy */ = {
			isa = PBXContainerItemProxy;
			containerPortal = 3838A1881CB56AB500423913 /* Project object */;
			proxyType = 1;
			remoteGlobalIDString = 3862E4C11CCD6E7600B20951;
			remoteInfo = CognitiveAction;
		};
/* End PBXContainerItemProxy section */

/* Begin PBXCopyFilesBuildPhase section */
		3862E4D01CCD6E7600B20951 /* Embed App Extensions */ = {
			isa = PBXCopyFilesBuildPhase;
			buildActionMask = 2147483647;
			dstPath = "";
			dstSubfolderSpec = 13;
			files = (
				3862E4CC1CCD6E7600B20951 /* Cognitive.appex in Embed App Extensions */,
			);
			name = "Embed App Extensions";
			runOnlyForDeploymentPostprocessing = 0;
		};
/* End PBXCopyFilesBuildPhase section */

/* Begin PBXFileReference section */
		3831EE831CB6FBBA000AB914 /* DescribeImageResult.swift */ = {isa = PBXFileReference; fileEncoding = 4; lastKnownFileType = sourcecode.swift; name = DescribeImageResult.swift; path = Model/DescribeImageResult.swift; sourceTree = "<group>"; };
		3831EE851CB6FFE1000AB914 /* OCRImageResult.swift */ = {isa = PBXFileReference; fileEncoding = 4; lastKnownFileType = sourcecode.swift; name = OCRImageResult.swift; path = Model/OCRImageResult.swift; sourceTree = "<group>"; };
		3831EE871CB7021C000AB914 /* EmotionImageResult.swift */ = {isa = PBXFileReference; fileEncoding = 4; lastKnownFileType = sourcecode.swift; name = EmotionImageResult.swift; path = Model/EmotionImageResult.swift; sourceTree = "<group>"; };
		38327A111CCED4E500332AE2 /* ActionAssets.xcassets */ = {isa = PBXFileReference; lastKnownFileType = folder.assetcatalog; path = ActionAssets.xcassets; sourceTree = "<group>"; };
		3834C5C31CBC30D3009D7897 /* MicrosoftServicesClient.swift */ = {isa = PBXFileReference; fileEncoding = 4; lastKnownFileType = sourcecode.swift; name = MicrosoftServicesClient.swift; path = Network/MicrosoftServicesClient.swift; sourceTree = "<group>"; };
		3834C5C51CBC315C009D7897 /* StdlibExtensions.swift */ = {isa = PBXFileReference; fileEncoding = 4; lastKnownFileType = sourcecode.swift; path = StdlibExtensions.swift; sourceTree = "<group>"; };
		3838A1901CB56AB500423913 /* Cognitive.app */ = {isa = PBXFileReference; explicitFileType = wrapper.application; includeInIndex = 0; path = Cognitive.app; sourceTree = BUILT_PRODUCTS_DIR; };
		3838A1931CB56AB500423913 /* AppDelegate.swift */ = {isa = PBXFileReference; lastKnownFileType = sourcecode.swift; path = AppDelegate.swift; sourceTree = "<group>"; };
		3838A1951CB56AB500423913 /* ResultsViewController.swift */ = {isa = PBXFileReference; lastKnownFileType = sourcecode.swift; name = ResultsViewController.swift; path = ViewController/ResultsViewController.swift; sourceTree = "<group>"; };
		3838A1981CB56AB500423913 /* Base */ = {isa = PBXFileReference; lastKnownFileType = file.storyboard; name = Base; path = Base.lproj/Main.storyboard; sourceTree = "<group>"; };
		3838A19A1CB56AB500423913 /* Assets.xcassets */ = {isa = PBXFileReference; lastKnownFileType = folder.assetcatalog; path = Assets.xcassets; sourceTree = "<group>"; };
		3838A19D1CB56AB500423913 /* Base */ = {isa = PBXFileReference; lastKnownFileType = file.storyboard; name = Base; path = Base.lproj/LaunchScreen.storyboard; sourceTree = "<group>"; };
		3838A19F1CB56AB500423913 /* Info.plist */ = {isa = PBXFileReference; lastKnownFileType = text.plist.xml; path = Info.plist; sourceTree = "<group>"; };
		3838A1A41CB56AB500423913 /* Cognitive.xctest */ = {isa = PBXFileReference; explicitFileType = wrapper.cfbundle; includeInIndex = 0; path = Cognitive.xctest; sourceTree = BUILT_PRODUCTS_DIR; };
		3838A1AA1CB56AB500423913 /* Info.plist */ = {isa = PBXFileReference; lastKnownFileType = text.plist.xml; path = Info.plist; sourceTree = "<group>"; };
		3838A1B51CB57DCA00423913 /* AnalyzeImage.json */ = {isa = PBXFileReference; fileEncoding = 4; lastKnownFileType = text.json; name = AnalyzeImage.json; path = Model/JSONTemplates/AnalyzeImage.json; sourceTree = "<group>"; };
		3838A1B71CB57FC100423913 /* DescribeImage.json */ = {isa = PBXFileReference; fileEncoding = 4; lastKnownFileType = text.json; name = DescribeImage.json; path = Model/JSONTemplates/DescribeImage.json; sourceTree = "<group>"; };
		3838A1B91CB57FF900423913 /* OCR.json */ = {isa = PBXFileReference; fileEncoding = 4; lastKnownFileType = text.json; name = OCR.json; path = Model/JSONTemplates/OCR.json; sourceTree = "<group>"; };
		3838A1BB1CB5808800423913 /* Emotion.json */ = {isa = PBXFileReference; fileEncoding = 4; lastKnownFileType = text.json; name = Emotion.json; path = Model/JSONTemplates/Emotion.json; sourceTree = "<group>"; };
		3838A1BD1CB5858600423913 /* AnalyzeImageResult.swift */ = {isa = PBXFileReference; fileEncoding = 4; lastKnownFileType = sourcecode.swift; name = AnalyzeImageResult.swift; path = Model/AnalyzeImageResult.swift; sourceTree = "<group>"; };
		3838A1BF1CB58ABA00423913 /* SubscriptionKeys.swift */ = {isa = PBXFileReference; fileEncoding = 4; lastKnownFileType = sourcecode.swift; path = SubscriptionKeys.swift; sourceTree = "<group>"; };
		383FEA571CCC21F9005921BA /* CollectionViewModel.swift */ = {isa = PBXFileReference; fileEncoding = 4; lastKnownFileType = sourcecode.swift; name = CollectionViewModel.swift; path = View/ViewModel/CollectionViewModel.swift; sourceTree = "<group>"; };
		383FEA591CCC222C005921BA /* Results.swift */ = {isa = PBXFileReference; fileEncoding = 4; lastKnownFileType = sourcecode.swift; path = Results.swift; sourceTree = "<group>"; };
		383FEA5B1CCC2250005921BA /* CollectionViewLayout.swift */ = {isa = PBXFileReference; fileEncoding = 4; lastKnownFileType = sourcecode.swift; path = CollectionViewLayout.swift; sourceTree = "<group>"; };
		383FEA5E1CCC228E005921BA /* CellForFullLineText.swift */ = {isa = PBXFileReference; fileEncoding = 4; lastKnownFileType = sourcecode.swift; path = CellForFullLineText.swift; sourceTree = "<group>"; };
		383FEA601CCC22A5005921BA /* CellWithImageView.swift */ = {isa = PBXFileReference; fileEncoding = 4; lastKnownFileType = sourcecode.swift; path = CellWithImageView.swift; sourceTree = "<group>"; };
		383FEA621CCC22CA005921BA /* CellForTags.swift */ = {isa = PBXFileReference; fileEncoding = 4; lastKnownFileType = sourcecode.swift; path = CellForTags.swift; sourceTree = "<group>"; };
		383FEA651CCC2350005921BA /* ItemWithMaximumWidth.swift */ = {isa = PBXFileReference; fileEncoding = 4; lastKnownFileType = sourcecode.swift; path = ItemWithMaximumWidth.swift; sourceTree = "<group>"; };
		3862E4C21CCD6E7600B20951 /* Cognitive.appex */ = {isa = PBXFileReference; explicitFileType = "wrapper.app-extension"; includeInIndex = 0; path = Cognitive.appex; sourceTree = BUILT_PRODUCTS_DIR; };
		3862E4C41CCD6E7600B20951 /* ActionViewController.swift */ = {isa = PBXFileReference; lastKnownFileType = sourcecode.swift; path = ActionViewController.swift; sourceTree = "<group>"; };
		3862E4C71CCD6E7600B20951 /* Base */ = {isa = PBXFileReference; lastKnownFileType = file.storyboard; name = Base; path = Base.lproj/MainInterface.storyboard; sourceTree = "<group>"; };
		3862E4C91CCD6E7600B20951 /* Info.plist */ = {isa = PBXFileReference; lastKnownFileType = text.plist.xml; path = Info.plist; sourceTree = "<group>"; };
		38702A441CD4BA6A00427E25 /* UIImage+Resize.swift */ = {isa = PBXFileReference; fileEncoding = 4; lastKnownFileType = sourcecode.swift; name = "UIImage+Resize.swift"; path = "Cocoa Extensions/UIImage+Resize.swift"; sourceTree = "<group>"; };
		38702A471CD4D05C00427E25 /* Array+MapWithIndex.swift */ = {isa = PBXFileReference; fileEncoding = 4; lastKnownFileType = sourcecode.swift; name = "Array+MapWithIndex.swift"; path = "Cocoa Extensions/Array+MapWithIndex.swift"; sourceTree = "<group>"; };
		38702A4A1CD5079400427E25 /* Array+Unique.swift */ = {isa = PBXFileReference; fileEncoding = 4; lastKnownFileType = sourcecode.swift; name = "Array+Unique.swift"; path = "Cocoa Extensions/Array+Unique.swift"; sourceTree = "<group>"; };
		38702A4E1CD5099900427E25 /* AppController.swift */ = {isa = PBXFileReference; fileEncoding = 4; lastKnownFileType = sourcecode.swift; name = AppController.swift; path = Controller/AppController.swift; sourceTree = "<group>"; };
		38702A531CD50BBC00427E25 /* CameraViewController.swift */ = {isa = PBXFileReference; fileEncoding = 4; lastKnownFileType = sourcecode.swift; name = CameraViewController.swift; path = ViewController/CameraViewController.swift; sourceTree = "<group>"; };
		38702A551CD5262800427E25 /* ResultsAggregator.swift */ = {isa = PBXFileReference; fileEncoding = 4; lastKnownFileType = sourcecode.swift; name = ResultsAggregator.swift; path = Controller/ResultsAggregator.swift; sourceTree = "<group>"; };
		38702A5A1CD5273700427E25 /* StoryboardIdentifier.swift */ = {isa = PBXFileReference; fileEncoding = 4; lastKnownFileType = sourcecode.swift; path = StoryboardIdentifier.swift; sourceTree = "<group>"; };
		38B22CD51CD568360040E142 /* README.md */ = {isa = PBXFileReference; fileEncoding = 4; lastKnownFileType = net.daringfireball.markdown; path = README.md; sourceTree = "<group>"; };
/* End PBXFileReference section */

/* Begin PBXFrameworksBuildPhase section */
		3838A18D1CB56AB500423913 /* Frameworks */ = {
			isa = PBXFrameworksBuildPhase;
			buildActionMask = 2147483647;
			files = (
			);
			runOnlyForDeploymentPostprocessing = 0;
		};
		3838A1A11CB56AB500423913 /* Frameworks */ = {
			isa = PBXFrameworksBuildPhase;
			buildActionMask = 2147483647;
			files = (
			);
			runOnlyForDeploymentPostprocessing = 0;
		};
		3862E4BF1CCD6E7600B20951 /* Frameworks */ = {
			isa = PBXFrameworksBuildPhase;
			buildActionMask = 2147483647;
			files = (
			);
			runOnlyForDeploymentPostprocessing = 0;
		};
/* End PBXFrameworksBuildPhase section */

/* Begin PBXGroup section */
		3838A1871CB56AB500423913 = {
			isa = PBXGroup;
			children = (
				38B22CD51CD568360040E142 /* README.md */,
				3838A1921CB56AB500423913 /* Cognitive */,
				3838A1A71CB56AB500423913 /* CognitiveTests */,
				3862E4C31CCD6E7600B20951 /* CognitiveAction */,
				3838A1911CB56AB500423913 /* Products */,
			);
			sourceTree = "<group>";
		};
		3838A1911CB56AB500423913 /* Products */ = {
			isa = PBXGroup;
			children = (
				3838A1901CB56AB500423913 /* Cognitive.app */,
				3838A1A41CB56AB500423913 /* Cognitive.xctest */,
				3862E4C21CCD6E7600B20951 /* Cognitive.appex */,
			);
			name = Products;
			sourceTree = "<group>";
		};
		3838A1921CB56AB500423913 /* Cognitive */ = {
			isa = PBXGroup;
			children = (
				38702A431CD4B9F800427E25 /* Cocoa Extensions */,
				3838A1B31CB57C8400423913 /* Model */,
				383FEA561CCC21D2005921BA /* ViewModel */,
				383FEA551CCC21A5005921BA /* View */,
				38702A4D1CD5097500427E25 /* ViewController */,
				383FEA641CCC231C005921BA /* Controller */,
				3838A1C11CB5BFD000423913 /* Network */,
				38702A581CD526D800427E25 /* Resources */,
			);
			path = Cognitive;
			sourceTree = "<group>";
		};
		3838A1A71CB56AB500423913 /* CognitiveTests */ = {
			isa = PBXGroup;
			children = (
				3838A1AA1CB56AB500423913 /* Info.plist */,
			);
			path = CognitiveTests;
			sourceTree = "<group>";
		};
		3838A1B31CB57C8400423913 /* Model */ = {
			isa = PBXGroup;
			children = (
				3834C5C51CBC315C009D7897 /* StdlibExtensions.swift */,
				38702A551CD5262800427E25 /* ResultsAggregator.swift */,
				383FEA541CCC2199005921BA /* Services */,
			);
			name = Model;
			sourceTree = "<group>";
		};
		3838A1B41CB57C9100423913 /* JSONTemplates */ = {
			isa = PBXGroup;
			children = (
				3838A1B51CB57DCA00423913 /* AnalyzeImage.json */,
				3838A1B71CB57FC100423913 /* DescribeImage.json */,
				3838A1B91CB57FF900423913 /* OCR.json */,
				3838A1BB1CB5808800423913 /* Emotion.json */,
			);
			name = JSONTemplates;
			sourceTree = "<group>";
		};
		3838A1C11CB5BFD000423913 /* Network */ = {
			isa = PBXGroup;
			children = (
				3834C5C31CBC30D3009D7897 /* MicrosoftServicesClient.swift */,
			);
			name = Network;
			sourceTree = "<group>";
		};
		383FEA541CCC2199005921BA /* Services */ = {
			isa = PBXGroup;
			children = (
				3831EE871CB7021C000AB914 /* EmotionImageResult.swift */,
				3831EE851CB6FFE1000AB914 /* OCRImageResult.swift */,
				3831EE831CB6FBBA000AB914 /* DescribeImageResult.swift */,
				3838A1BD1CB5858600423913 /* AnalyzeImageResult.swift */,
				383FEA591CCC222C005921BA /* Results.swift */,
				3838A1B41CB57C9100423913 /* JSONTemplates */,
			);
			name = Services;
			sourceTree = "<group>";
		};
		383FEA551CCC21A5005921BA /* View */ = {
			isa = PBXGroup;
			children = (
				383FEA5D1CCC227C005921BA /* CollectionViewCells */,
				383FEA5B1CCC2250005921BA /* CollectionViewLayout.swift */,
			);
			name = View;
			sourceTree = "<group>";
		};
		383FEA561CCC21D2005921BA /* ViewModel */ = {
			isa = PBXGroup;
			children = (
				383FEA571CCC21F9005921BA /* CollectionViewModel.swift */,
			);
			name = ViewModel;
			sourceTree = "<group>";
		};
		383FEA5D1CCC227C005921BA /* CollectionViewCells */ = {
			isa = PBXGroup;
			children = (
				383FEA5E1CCC228E005921BA /* CellForFullLineText.swift */,
				383FEA601CCC22A5005921BA /* CellWithImageView.swift */,
				383FEA621CCC22CA005921BA /* CellForTags.swift */,
				383FEA651CCC2350005921BA /* ItemWithMaximumWidth.swift */,
			);
			name = CollectionViewCells;
			sourceTree = "<group>";
		};
		383FEA641CCC231C005921BA /* Controller */ = {
			isa = PBXGroup;
			children = (
				3838A1931CB56AB500423913 /* AppDelegate.swift */,
				38702A4E1CD5099900427E25 /* AppController.swift */,
				38702A5A1CD5273700427E25 /* StoryboardIdentifier.swift */,
			);
			name = Controller;
			sourceTree = "<group>";
		};
		3862E4C31CCD6E7600B20951 /* CognitiveAction */ = {
			isa = PBXGroup;
			children = (
				3862E4C41CCD6E7600B20951 /* ActionViewController.swift */,
				3862E4C61CCD6E7600B20951 /* MainInterface.storyboard */,
				3862E4C91CCD6E7600B20951 /* Info.plist */,
				38327A111CCED4E500332AE2 /* ActionAssets.xcassets */,
			);
			path = CognitiveAction;
			sourceTree = "<group>";
		};
		38702A431CD4B9F800427E25 /* Cocoa Extensions */ = {
			isa = PBXGroup;
			children = (
				38702A471CD4D05C00427E25 /* Array+MapWithIndex.swift */,
				38702A441CD4BA6A00427E25 /* UIImage+Resize.swift */,
				38702A4A1CD5079400427E25 /* Array+Unique.swift */,
			);
			name = "Cocoa Extensions";
			sourceTree = "<group>";
		};
		38702A4D1CD5097500427E25 /* ViewController */ = {
			isa = PBXGroup;
			children = (
				3838A1951CB56AB500423913 /* ResultsViewController.swift */,
				38702A531CD50BBC00427E25 /* CameraViewController.swift */,
			);
			name = ViewController;
			sourceTree = "<group>";
		};
		38702A581CD526D800427E25 /* Resources */ = {
			isa = PBXGroup;
			children = (
				38702A591CD526E500427E25 /* UI */,
				3838A1BF1CB58ABA00423913 /* SubscriptionKeys.swift */,
				3838A19F1CB56AB500423913 /* Info.plist */,
			);
			name = Resources;
			sourceTree = "<group>";
		};
		38702A591CD526E500427E25 /* UI */ = {
			isa = PBXGroup;
			children = (
				3838A19A1CB56AB500423913 /* Assets.xcassets */,
				3838A1971CB56AB500423913 /* Main.storyboard */,
				3838A19C1CB56AB500423913 /* LaunchScreen.storyboard */,
			);
			name = UI;
			sourceTree = "<group>";
		};
/* End PBXGroup section */

/* Begin PBXNativeTarget section */
		3838A18F1CB56AB500423913 /* Cognitive */ = {
			isa = PBXNativeTarget;
			buildConfigurationList = 3838A1AD1CB56AB500423913 /* Build configuration list for PBXNativeTarget "Cognitive" */;
			buildPhases = (
				3838A18C1CB56AB500423913 /* Sources */,
				3838A18D1CB56AB500423913 /* Frameworks */,
				3838A18E1CB56AB500423913 /* Resources */,
				3862E4D01CCD6E7600B20951 /* Embed App Extensions */,
			);
			buildRules = (
			);
			dependencies = (
				3862E4CB1CCD6E7600B20951 /* PBXTargetDependency */,
			);
			name = Cognitive;
			productName = Cognitive;
			productReference = 3838A1901CB56AB500423913 /* Cognitive.app */;
			productType = "com.apple.product-type.application";
		};
		3838A1A31CB56AB500423913 /* CognitiveTests */ = {
			isa = PBXNativeTarget;
			buildConfigurationList = 3838A1B01CB56AB500423913 /* Build configuration list for PBXNativeTarget "CognitiveTests" */;
			buildPhases = (
				3838A1A01CB56AB500423913 /* Sources */,
				3838A1A11CB56AB500423913 /* Frameworks */,
				3838A1A21CB56AB500423913 /* Resources */,
			);
			buildRules = (
			);
			dependencies = (
				3838A1A61CB56AB500423913 /* PBXTargetDependency */,
			);
			name = CognitiveTests;
			productName = CognitiveTests;
			productReference = 3838A1A41CB56AB500423913 /* Cognitive.xctest */;
			productType = "com.apple.product-type.bundle.unit-test";
		};
		3862E4C11CCD6E7600B20951 /* CognitiveAction */ = {
			isa = PBXNativeTarget;
			buildConfigurationList = 3862E4CD1CCD6E7600B20951 /* Build configuration list for PBXNativeTarget "CognitiveAction" */;
			buildPhases = (
				3862E4BE1CCD6E7600B20951 /* Sources */,
				3862E4BF1CCD6E7600B20951 /* Frameworks */,
				3862E4C01CCD6E7600B20951 /* Resources */,
			);
			buildRules = (
			);
			dependencies = (
			);
			name = CognitiveAction;
			productName = CognitiveAction;
			productReference = 3862E4C21CCD6E7600B20951 /* Cognitive.appex */;
			productType = "com.apple.product-type.app-extension";
		};
/* End PBXNativeTarget section */

/* Begin PBXProject section */
		3838A1881CB56AB500423913 /* Project object */ = {
			isa = PBXProject;
			attributes = {
				LastSwiftUpdateCheck = 0720;
				LastUpgradeCheck = 0720;
				ORGANIZATIONNAME = "Hendrik von Prince";
				TargetAttributes = {
					3838A18F1CB56AB500423913 = {
						CreatedOnToolsVersion = 7.2.1;
						DevelopmentTeam = FGBTJ34R5F;
						SystemCapabilities = {
							com.apple.ApplicationGroups.iOS = {
								enabled = 0;
							};
						};
					};
					3838A1A31CB56AB500423913 = {
						CreatedOnToolsVersion = 7.2.1;
						DevelopmentTeam = FGBTJ34R5F;
						TestTargetID = 3838A18F1CB56AB500423913;
					};
					3862E4C11CCD6E7600B20951 = {
						CreatedOnToolsVersion = 7.2.1;
						DevelopmentTeam = FGBTJ34R5F;
						SystemCapabilities = {
							com.apple.ApplicationGroups.iOS = {
								enabled = 0;
							};
						};
					};
				};
			};
			buildConfigurationList = 3838A18B1CB56AB500423913 /* Build configuration list for PBXProject "Cognitive" */;
			compatibilityVersion = "Xcode 3.2";
			developmentRegion = English;
			hasScannedForEncodings = 0;
			knownRegions = (
				en,
				Base,
			);
			mainGroup = 3838A1871CB56AB500423913;
			productRefGroup = 3838A1911CB56AB500423913 /* Products */;
			projectDirPath = "";
			projectRoot = "";
			targets = (
				3838A18F1CB56AB500423913 /* Cognitive */,
				3838A1A31CB56AB500423913 /* CognitiveTests */,
				3862E4C11CCD6E7600B20951 /* CognitiveAction */,
			);
		};
/* End PBXProject section */

/* Begin PBXResourcesBuildPhase section */
		3838A18E1CB56AB500423913 /* Resources */ = {
			isa = PBXResourcesBuildPhase;
			buildActionMask = 2147483647;
			files = (
				3838A1BA1CB57FF900423913 /* OCR.json in Resources */,
				3838A1B61CB57DCA00423913 /* AnalyzeImage.json in Resources */,
				3838A19E1CB56AB500423913 /* LaunchScreen.storyboard in Resources */,
				3838A19B1CB56AB500423913 /* Assets.xcassets in Resources */,
				3838A1BC1CB5808800423913 /* Emotion.json in Resources */,
				3838A1B81CB57FC100423913 /* DescribeImage.json in Resources */,
				3838A1991CB56AB500423913 /* Main.storyboard in Resources */,
			);
			runOnlyForDeploymentPostprocessing = 0;
		};
		3838A1A21CB56AB500423913 /* Resources */ = {
			isa = PBXResourcesBuildPhase;
			buildActionMask = 2147483647;
			files = (
			);
			runOnlyForDeploymentPostprocessing = 0;
		};
		3862E4C01CCD6E7600B20951 /* Resources */ = {
			isa = PBXResourcesBuildPhase;
			buildActionMask = 2147483647;
			files = (
				3862E4C81CCD6E7600B20951 /* MainInterface.storyboard in Resources */,
				3862E4D21CCD75D800B20951 /* Assets.xcassets in Resources */,
				38327A121CCED4E500332AE2 /* ActionAssets.xcassets in Resources */,
				3862E4D11CCD75D000B20951 /* Main.storyboard in Resources */,
			);
			runOnlyForDeploymentPostprocessing = 0;
		};
/* End PBXResourcesBuildPhase section */

/* Begin PBXSourcesBuildPhase section */
		3838A18C1CB56AB500423913 /* Sources */ = {
			isa = PBXSourcesBuildPhase;
			buildActionMask = 2147483647;
			files = (
				3831EE881CB7021C000AB914 /* EmotionImageResult.swift in Sources */,
				3834C5C41CBC30D3009D7897 /* MicrosoftServicesClient.swift in Sources */,
				3838A1BE1CB5858600423913 /* AnalyzeImageResult.swift in Sources */,
				383FEA5F1CCC228E005921BA /* CellForFullLineText.swift in Sources */,
				3838A1961CB56AB500423913 /* ResultsViewController.swift in Sources */,
				38702A4B1CD5079400427E25 /* Array+Unique.swift in Sources */,
				38B22CD61CD568360040E142 /* README.md in Sources */,
				383FEA581CCC21F9005921BA /* CollectionViewModel.swift in Sources */,
				38702A451CD4BA6A00427E25 /* UIImage+Resize.swift in Sources */,
				3834C5C61CBC315C009D7897 /* StdlibExtensions.swift in Sources */,
				38702A5B1CD5273700427E25 /* StoryboardIdentifier.swift in Sources */,
				383FEA5C1CCC2250005921BA /* CollectionViewLayout.swift in Sources */,
				3838A1C01CB58ABA00423913 /* SubscriptionKeys.swift in Sources */,
				38702A541CD50BBC00427E25 /* CameraViewController.swift in Sources */,
				38702A4F1CD5099900427E25 /* AppController.swift in Sources */,
				38702A561CD5262800427E25 /* ResultsAggregator.swift in Sources */,
				383FEA5A1CCC222C005921BA /* Results.swift in Sources */,
				3831EE841CB6FBBA000AB914 /* DescribeImageResult.swift in Sources */,
				3838A1941CB56AB500423913 /* AppDelegate.swift in Sources */,
				383FEA611CCC22A5005921BA /* CellWithImageView.swift in Sources */,
				3831EE861CB6FFE1000AB914 /* OCRImageResult.swift in Sources */,
				38702A481CD4D05C00427E25 /* Array+MapWithIndex.swift in Sources */,
				383FEA661CCC2350005921BA /* ItemWithMaximumWidth.swift in Sources */,
				383FEA631CCC22CA005921BA /* CellForTags.swift in Sources */,
			);
			runOnlyForDeploymentPostprocessing = 0;
		};
		3838A1A01CB56AB500423913 /* Sources */ = {
			isa = PBXSourcesBuildPhase;
			buildActionMask = 2147483647;
			files = (
			);
			runOnlyForDeploymentPostprocessing = 0;
		};
		3862E4BE1CCD6E7600B20951 /* Sources */ = {
			isa = PBXSourcesBuildPhase;
			buildActionMask = 2147483647;
			files = (
				3862E4DD1CCD75FA00B20951 /* CollectionViewModel.swift in Sources */,
				3862E4D31CCD75E700B20951 /* SubscriptionKeys.swift in Sources */,
				3862E4D51CCD75F200B20951 /* OCRImageResult.swift in Sources */,
				3862E4E11CCD764A00B20951 /* StdlibExtensions.swift in Sources */,
				3862E4C51CCD6E7600B20951 /* ActionViewController.swift in Sources */,
				38702A4C1CD5079800427E25 /* Array+Unique.swift in Sources */,
				3862E4DF1CCD75FD00B20951 /* ResultsViewController.swift in Sources */,
				38702A571CD5262800427E25 /* ResultsAggregator.swift in Sources */,
				3862E4DC1CCD75F600B20951 /* ItemWithMaximumWidth.swift in Sources */,
				3862E4DA1CCD75F600B20951 /* CellWithImageView.swift in Sources */,
				3862E4DB1CCD75F600B20951 /* CellForTags.swift in Sources */,
				3862E4E01CCD760100B20951 /* MicrosoftServicesClient.swift in Sources */,
				38702A501CD5099900427E25 /* AppController.swift in Sources */,
				38702A5C1CD5273700427E25 /* StoryboardIdentifier.swift in Sources */,
				3862E4D91CCD75F600B20951 /* CellForFullLineText.swift in Sources */,
				3862E4D81CCD75F200B20951 /* Results.swift in Sources */,
				3862E4D71CCD75F200B20951 /* AnalyzeImageResult.swift in Sources */,
				3862E4D61CCD75F200B20951 /* DescribeImageResult.swift in Sources */,
				38702A461CD4BDEF00427E25 /* UIImage+Resize.swift in Sources */,
				38702A491CD4D2C100427E25 /* Array+MapWithIndex.swift in Sources */,
				3862E4DE1CCD75FA00B20951 /* CollectionViewLayout.swift in Sources */,
				3862E4D41CCD75F200B20951 /* EmotionImageResult.swift in Sources */,
			);
			runOnlyForDeploymentPostprocessing = 0;
		};
/* End PBXSourcesBuildPhase section */

/* Begin PBXTargetDependency section */
		3838A1A61CB56AB500423913 /* PBXTargetDependency */ = {
			isa = PBXTargetDependency;
			target = 3838A18F1CB56AB500423913 /* Cognitive */;
			targetProxy = 3838A1A51CB56AB500423913 /* PBXContainerItemProxy */;
		};
		3862E4CB1CCD6E7600B20951 /* PBXTargetDependency */ = {
			isa = PBXTargetDependency;
			target = 3862E4C11CCD6E7600B20951 /* CognitiveAction */;
			targetProxy = 3862E4CA1CCD6E7600B20951 /* PBXContainerItemProxy */;
		};
/* End PBXTargetDependency section */

/* Begin PBXVariantGroup section */
		3838A1971CB56AB500423913 /* Main.storyboard */ = {
			isa = PBXVariantGroup;
			children = (
				3838A1981CB56AB500423913 /* Base */,
			);
			name = Main.storyboard;
			sourceTree = "<group>";
		};
		3838A19C1CB56AB500423913 /* LaunchScreen.storyboard */ = {
			isa = PBXVariantGroup;
			children = (
				3838A19D1CB56AB500423913 /* Base */,
			);
			name = LaunchScreen.storyboard;
			sourceTree = "<group>";
		};
		3862E4C61CCD6E7600B20951 /* MainInterface.storyboard */ = {
			isa = PBXVariantGroup;
			children = (
				3862E4C71CCD6E7600B20951 /* Base */,
			);
			name = MainInterface.storyboard;
			sourceTree = "<group>";
		};
/* End PBXVariantGroup section */

/* Begin XCBuildConfiguration section */
		3838A1AB1CB56AB500423913 /* Debug */ = {
			isa = XCBuildConfiguration;
			buildSettings = {
				ALWAYS_SEARCH_USER_PATHS = NO;
				CLANG_CXX_LANGUAGE_STANDARD = "gnu++0x";
				CLANG_CXX_LIBRARY = "libc++";
				CLANG_ENABLE_MODULES = YES;
				CLANG_ENABLE_OBJC_ARC = YES;
				CLANG_WARN_BOOL_CONVERSION = YES;
				CLANG_WARN_CONSTANT_CONVERSION = YES;
				CLANG_WARN_DIRECT_OBJC_ISA_USAGE = YES_ERROR;
				CLANG_WARN_EMPTY_BODY = YES;
				CLANG_WARN_ENUM_CONVERSION = YES;
				CLANG_WARN_INT_CONVERSION = YES;
				CLANG_WARN_OBJC_ROOT_CLASS = YES_ERROR;
				CLANG_WARN_UNREACHABLE_CODE = YES;
				CLANG_WARN__DUPLICATE_METHOD_MATCH = YES;
				"CODE_SIGN_IDENTITY[sdk=iphoneos*]" = "iPhone Developer";
				COPY_PHASE_STRIP = NO;
				DEBUG_INFORMATION_FORMAT = dwarf;
				ENABLE_STRICT_OBJC_MSGSEND = YES;
				ENABLE_TESTABILITY = YES;
				GCC_C_LANGUAGE_STANDARD = gnu99;
				GCC_DYNAMIC_NO_PIC = NO;
				GCC_NO_COMMON_BLOCKS = YES;
				GCC_OPTIMIZATION_LEVEL = 0;
				GCC_PREPROCESSOR_DEFINITIONS = (
					"DEBUG=1",
					"$(inherited)",
				);
				GCC_WARN_64_TO_32_BIT_CONVERSION = YES;
				GCC_WARN_ABOUT_RETURN_TYPE = YES_ERROR;
				GCC_WARN_UNDECLARED_SELECTOR = YES;
				GCC_WARN_UNINITIALIZED_AUTOS = YES_AGGRESSIVE;
				GCC_WARN_UNUSED_FUNCTION = YES;
				GCC_WARN_UNUSED_VARIABLE = YES;
				IPHONEOS_DEPLOYMENT_TARGET = 9.2;
				MTL_ENABLE_DEBUG_INFO = YES;
				ONLY_ACTIVE_ARCH = YES;
				SDKROOT = iphoneos;
				SWIFT_OPTIMIZATION_LEVEL = "-Onone";
				TARGETED_DEVICE_FAMILY = 2;
			};
			name = Debug;
		};
		3838A1AC1CB56AB500423913 /* Release */ = {
			isa = XCBuildConfiguration;
			buildSettings = {
				ALWAYS_SEARCH_USER_PATHS = NO;
				CLANG_CXX_LANGUAGE_STANDARD = "gnu++0x";
				CLANG_CXX_LIBRARY = "libc++";
				CLANG_ENABLE_MODULES = YES;
				CLANG_ENABLE_OBJC_ARC = YES;
				CLANG_WARN_BOOL_CONVERSION = YES;
				CLANG_WARN_CONSTANT_CONVERSION = YES;
				CLANG_WARN_DIRECT_OBJC_ISA_USAGE = YES_ERROR;
				CLANG_WARN_EMPTY_BODY = YES;
				CLANG_WARN_ENUM_CONVERSION = YES;
				CLANG_WARN_INT_CONVERSION = YES;
				CLANG_WARN_OBJC_ROOT_CLASS = YES_ERROR;
				CLANG_WARN_UNREACHABLE_CODE = YES;
				CLANG_WARN__DUPLICATE_METHOD_MATCH = YES;
				"CODE_SIGN_IDENTITY[sdk=iphoneos*]" = "iPhone Developer";
				COPY_PHASE_STRIP = NO;
				DEBUG_INFORMATION_FORMAT = "dwarf-with-dsym";
				ENABLE_NS_ASSERTIONS = NO;
				ENABLE_STRICT_OBJC_MSGSEND = YES;
				GCC_C_LANGUAGE_STANDARD = gnu99;
				GCC_NO_COMMON_BLOCKS = YES;
				GCC_WARN_64_TO_32_BIT_CONVERSION = YES;
				GCC_WARN_ABOUT_RETURN_TYPE = YES_ERROR;
				GCC_WARN_UNDECLARED_SELECTOR = YES;
				GCC_WARN_UNINITIALIZED_AUTOS = YES_AGGRESSIVE;
				GCC_WARN_UNUSED_FUNCTION = YES;
				GCC_WARN_UNUSED_VARIABLE = YES;
				IPHONEOS_DEPLOYMENT_TARGET = 9.2;
				MTL_ENABLE_DEBUG_INFO = NO;
				SDKROOT = iphoneos;
				TARGETED_DEVICE_FAMILY = 2;
				VALIDATE_PRODUCT = YES;
			};
			name = Release;
		};
		3838A1AE1CB56AB500423913 /* Debug */ = {
			isa = XCBuildConfiguration;
			buildSettings = {
				ASSETCATALOG_COMPILER_APPICON_NAME = AppIcon;
				CODE_SIGN_IDENTITY = "iPhone Developer";
				"CODE_SIGN_IDENTITY[sdk=iphoneos*]" = "iPhone Developer";
				EMBEDDED_CONTENT_CONTAINS_SWIFT = YES;
				INFOPLIST_FILE = Cognitive/Info.plist;
				LD_RUNPATH_SEARCH_PATHS = "$(inherited) @executable_path/Frameworks";
				PRODUCT_BUNDLE_IDENTIFIER = de.hendrikvonprince.Cognitive;
				PRODUCT_NAME = Cognitive;
				PROVISIONING_PROFILE = "";
				TARGETED_DEVICE_FAMILY = 1;
			};
			name = Debug;
		};
		3838A1AF1CB56AB500423913 /* Release */ = {
			isa = XCBuildConfiguration;
			buildSettings = {
				ASSETCATALOG_COMPILER_APPICON_NAME = AppIcon;
				CODE_SIGN_IDENTITY = "iPhone Developer";
				"CODE_SIGN_IDENTITY[sdk=iphoneos*]" = "iPhone Developer";
				EMBEDDED_CONTENT_CONTAINS_SWIFT = YES;
				INFOPLIST_FILE = Cognitive/Info.plist;
				LD_RUNPATH_SEARCH_PATHS = "$(inherited) @executable_path/Frameworks";
				PRODUCT_BUNDLE_IDENTIFIER = de.hendrikvonprince.Cognitive;
				PRODUCT_NAME = Cognitive;
				PROVISIONING_PROFILE = "";
				TARGETED_DEVICE_FAMILY = 1;
			};
			name = Release;
		};
		3838A1B11CB56AB500423913 /* Debug */ = {
			isa = XCBuildConfiguration;
			buildSettings = {
				BUNDLE_LOADER = "$(TEST_HOST)";
				INFOPLIST_FILE = Cognitive/Info.plist;
				LD_RUNPATH_SEARCH_PATHS = "$(inherited) @executable_path/Frameworks @loader_path/Frameworks";
				PRODUCT_BUNDLE_IDENTIFIER = de.hendrikvonprince.CognitiveTests;
				PRODUCT_MODULE_NAME = "$(TARGET_NAME)";
				PRODUCT_NAME = Cognitive;
				TEST_HOST = "$(BUILT_PRODUCTS_DIR)/Cognitive.app/Cognitive";
			};
			name = Debug;
		};
		3838A1B21CB56AB500423913 /* Release */ = {
			isa = XCBuildConfiguration;
			buildSettings = {
				BUNDLE_LOADER = "$(TEST_HOST)";
				INFOPLIST_FILE = Cognitive/Info.plist;
				LD_RUNPATH_SEARCH_PATHS = "$(inherited) @executable_path/Frameworks @loader_path/Frameworks";
				PRODUCT_BUNDLE_IDENTIFIER = de.hendrikvonprince.CognitiveTests;
				PRODUCT_MODULE_NAME = "$(TARGET_NAME)";
				PRODUCT_NAME = Cognitive;
				TEST_HOST = "$(BUILT_PRODUCTS_DIR)/Cognitive.app/Cognitive";
			};
			name = Release;
		};
		3862E4CE1CCD6E7600B20951 /* Debug */ = {
			isa = XCBuildConfiguration;
			buildSettings = {
				ASSETCATALOG_COMPILER_APPICON_NAME = ActionAppIcon;
				CODE_SIGN_IDENTITY = "iPhone Developer";
				"CODE_SIGN_IDENTITY[sdk=iphoneos*]" = "iPhone Developer";
				INFOPLIST_FILE = CognitiveAction/Info.plist;
				LD_RUNPATH_SEARCH_PATHS = "$(inherited) @executable_path/Frameworks @executable_path/../../Frameworks";
				PRODUCT_BUNDLE_IDENTIFIER = de.hendrikvonprince.Cognitive.Action;
				PRODUCT_MODULE_NAME = "$(TARGET_NAME)";
				PRODUCT_NAME = Cognitive;
				PROVISIONING_PROFILE = "";
				SKIP_INSTALL = YES;
				TARGETED_DEVICE_FAMILY = 1;
			};
			name = Debug;
		};
		3862E4CF1CCD6E7600B20951 /* Release */ = {
			isa = XCBuildConfiguration;
			buildSettings = {
				ASSETCATALOG_COMPILER_APPICON_NAME = ActionAppIcon;
				CODE_SIGN_IDENTITY = "iPhone Developer";
				"CODE_SIGN_IDENTITY[sdk=iphoneos*]" = "iPhone Developer";
				INFOPLIST_FILE = CognitiveAction/Info.plist;
				LD_RUNPATH_SEARCH_PATHS = "$(inherited) @executable_path/Frameworks @executable_path/../../Frameworks";
				PRODUCT_BUNDLE_IDENTIFIER = de.hendrikvonprince.Cognitive.Action;
				PRODUCT_MODULE_NAME = "$(TARGET_NAME)";
				PRODUCT_NAME = Cognitive;
				PROVISIONING_PROFILE = "";
				SKIP_INSTALL = YES;
				TARGETED_DEVICE_FAMILY = 1;
			};
			name = Release;
		};
/* End XCBuildConfiguration section */

/* Begin XCConfigurationList section */
		3838A18B1CB56AB500423913 /* Build configuration list for PBXProject "Cognitive" */ = {
			isa = XCConfigurationList;
			buildConfigurations = (
				3838A1AB1CB56AB500423913 /* Debug */,
				3838A1AC1CB56AB500423913 /* Release */,
			);
			defaultConfigurationIsVisible = 0;
			defaultConfigurationName = Release;
		};
		3838A1AD1CB56AB500423913 /* Build configuration list for PBXNativeTarget "Cognitive" */ = {
			isa = XCConfigurationList;
			buildConfigurations = (
				3838A1AE1CB56AB500423913 /* Debug */,
				3838A1AF1CB56AB500423913 /* Release */,
			);
			defaultConfigurationIsVisible = 0;
			defaultConfigurationName = Release;
		};
		3838A1B01CB56AB500423913 /* Build configuration list for PBXNativeTarget "CognitiveTests" */ = {
			isa = XCConfigurationList;
			buildConfigurations = (
				3838A1B11CB56AB500423913 /* Debug */,
				3838A1B21CB56AB500423913 /* Release */,
			);
			defaultConfigurationIsVisible = 0;
			defaultConfigurationName = Release;
		};
		3862E4CD1CCD6E7600B20951 /* Build configuration list for PBXNativeTarget "CognitiveAction" */ = {
			isa = XCConfigurationList;
			buildConfigurations = (
				3862E4CE1CCD6E7600B20951 /* Debug */,
				3862E4CF1CCD6E7600B20951 /* Release */,
			);
			defaultConfigurationIsVisible = 0;
			defaultConfigurationName = Release;
		};
/* End XCConfigurationList section */
	};
	rootObject = 3838A1881CB56AB500423913 /* Project object */;
}
