// !$*UTF8*$!
{
	archiveVersion = 1;
	classes = {
	};
	objectVersion = 46;
	objects = {

/* Begin PBXBuildFile section */
		3838A1941CB56AB500423913 /* AppDelegate.swift in Sources */ = {isa = PBXBuildFile; fileRef = 3838A1931CB56AB500423913 /* AppDelegate.swift */; };
		3838A1961CB56AB500423913 /* ViewController.swift in Sources */ = {isa = PBXBuildFile; fileRef = 3838A1951CB56AB500423913 /* ViewController.swift */; };
		3838A1991CB56AB500423913 /* Main.storyboard in Resources */ = {isa = PBXBuildFile; fileRef = 3838A1971CB56AB500423913 /* Main.storyboard */; };
		3838A19B1CB56AB500423913 /* Assets.xcassets in Resources */ = {isa = PBXBuildFile; fileRef = 3838A19A1CB56AB500423913 /* Assets.xcassets */; };
		3838A19E1CB56AB500423913 /* LaunchScreen.storyboard in Resources */ = {isa = PBXBuildFile; fileRef = 3838A19C1CB56AB500423913 /* LaunchScreen.storyboard */; };
		3838A1A91CB56AB500423913 /* MicrosoftCognitiveServicesTests.swift in Sources */ = {isa = PBXBuildFile; fileRef = 3838A1A81CB56AB500423913 /* MicrosoftCognitiveServicesTests.swift */; };
/* End PBXBuildFile section */

/* Begin PBXContainerItemProxy section */
		3838A1A51CB56AB500423913 /* PBXContainerItemProxy */ = {
			isa = PBXContainerItemProxy;
			containerPortal = 3838A1881CB56AB500423913 /* Project object */;
			proxyType = 1;
			remoteGlobalIDString = 3838A18F1CB56AB500423913;
			remoteInfo = MicrosoftCognitiveServices;
		};
/* End PBXContainerItemProxy section */

/* Begin PBXFileReference section */
		3838A1901CB56AB500423913 /* MicrosoftCognitiveServices.app */ = {isa = PBXFileReference; explicitFileType = wrapper.application; includeInIndex = 0; path = MicrosoftCognitiveServices.app; sourceTree = BUILT_PRODUCTS_DIR; };
		3838A1931CB56AB500423913 /* AppDelegate.swift */ = {isa = PBXFileReference; lastKnownFileType = sourcecode.swift; path = AppDelegate.swift; sourceTree = "<group>"; };
		3838A1951CB56AB500423913 /* ViewController.swift */ = {isa = PBXFileReference; lastKnownFileType = sourcecode.swift; path = ViewController.swift; sourceTree = "<group>"; };
		3838A1981CB56AB500423913 /* Base */ = {isa = PBXFileReference; lastKnownFileType = file.storyboard; name = Base; path = Base.lproj/Main.storyboard; sourceTree = "<group>"; };
		3838A19A1CB56AB500423913 /* Assets.xcassets */ = {isa = PBXFileReference; lastKnownFileType = folder.assetcatalog; path = Assets.xcassets; sourceTree = "<group>"; };
		3838A19D1CB56AB500423913 /* Base */ = {isa = PBXFileReference; lastKnownFileType = file.storyboard; name = Base; path = Base.lproj/LaunchScreen.storyboard; sourceTree = "<group>"; };
		3838A19F1CB56AB500423913 /* Info.plist */ = {isa = PBXFileReference; lastKnownFileType = text.plist.xml; path = Info.plist; sourceTree = "<group>"; };
		3838A1A41CB56AB500423913 /* MicrosoftCognitiveServicesTests.xctest */ = {isa = PBXFileReference; explicitFileType = wrapper.cfbundle; includeInIndex = 0; path = MicrosoftCognitiveServicesTests.xctest; sourceTree = BUILT_PRODUCTS_DIR; };
		3838A1A81CB56AB500423913 /* MicrosoftCognitiveServicesTests.swift */ = {isa = PBXFileReference; lastKnownFileType = sourcecode.swift; path = MicrosoftCognitiveServicesTests.swift; sourceTree = "<group>"; };
		3838A1AA1CB56AB500423913 /* Info.plist */ = {isa = PBXFileReference; lastKnownFileType = text.plist.xml; path = Info.plist; sourceTree = "<group>"; };
/* End PBXFileReference section */

/* Begin PBXFrameworksBuildPhase section */
		3838A18D1CB56AB500423913 /* Frameworks */ = {
			isa = PBXFrameworksBuildPhase;
			buildActionMask = 2147483647;
			files = (
			);
			runOnlyForDeploymentPostprocessing = 0;
		};
		3838A1A11CB56AB500423913 /* Frameworks */ = {
			isa = PBXFrameworksBuildPhase;
			buildActionMask = 2147483647;
			files = (
			);
			runOnlyForDeploymentPostprocessing = 0;
		};
/* End PBXFrameworksBuildPhase section */

/* Begin PBXGroup section */
		3838A1871CB56AB500423913 = {
			isa = PBXGroup;
			children = (
				3838A1921CB56AB500423913 /* MicrosoftCognitiveServices */,
				3838A1A71CB56AB500423913 /* MicrosoftCognitiveServicesTests */,
				3838A1911CB56AB500423913 /* Products */,
			);
			sourceTree = "<group>";
		};
		3838A1911CB56AB500423913 /* Products */ = {
			isa = PBXGroup;
			children = (
				3838A1901CB56AB500423913 /* MicrosoftCognitiveServices.app */,
				3838A1A41CB56AB500423913 /* MicrosoftCognitiveServicesTests.xctest */,
			);
			name = Products;
			sourceTree = "<group>";
		};
		3838A1921CB56AB500423913 /* MicrosoftCognitiveServices */ = {
			isa = PBXGroup;
			children = (
				3838A1931CB56AB500423913 /* AppDelegate.swift */,
				3838A1951CB56AB500423913 /* ViewController.swift */,
				3838A1971CB56AB500423913 /* Main.storyboard */,
				3838A19A1CB56AB500423913 /* Assets.xcassets */,
				3838A19C1CB56AB500423913 /* LaunchScreen.storyboard */,
				3838A19F1CB56AB500423913 /* Info.plist */,
			);
			path = MicrosoftCognitiveServices;
			sourceTree = "<group>";
		};
		3838A1A71CB56AB500423913 /* MicrosoftCognitiveServicesTests */ = {
			isa = PBXGroup;
			children = (
				3838A1A81CB56AB500423913 /* MicrosoftCognitiveServicesTests.swift */,
				3838A1AA1CB56AB500423913 /* Info.plist */,
			);
			path = MicrosoftCognitiveServicesTests;
			sourceTree = "<group>";
		};
/* End PBXGroup section */

/* Begin PBXNativeTarget section */
		3838A18F1CB56AB500423913 /* MicrosoftCognitiveServices */ = {
			isa = PBXNativeTarget;
			buildConfigurationList = 3838A1AD1CB56AB500423913 /* Build configuration list for PBXNativeTarget "MicrosoftCognitiveServices" */;
			buildPhases = (
				3838A18C1CB56AB500423913 /* Sources */,
				3838A18D1CB56AB500423913 /* Frameworks */,
				3838A18E1CB56AB500423913 /* Resources */,
			);
			buildRules = (
			);
			dependencies = (
			);
			name = MicrosoftCognitiveServices;
			productName = MicrosoftCognitiveServices;
			productReference = 3838A1901CB56AB500423913 /* MicrosoftCognitiveServices.app */;
			productType = "com.apple.product-type.application";
		};
		3838A1A31CB56AB500423913 /* MicrosoftCognitiveServicesTests */ = {
			isa = PBXNativeTarget;
			buildConfigurationList = 3838A1B01CB56AB500423913 /* Build configuration list for PBXNativeTarget "MicrosoftCognitiveServicesTests" */;
			buildPhases = (
				3838A1A01CB56AB500423913 /* Sources */,
				3838A1A11CB56AB500423913 /* Frameworks */,
				3838A1A21CB56AB500423913 /* Resources */,
			);
			buildRules = (
			);
			dependencies = (
				3838A1A61CB56AB500423913 /* PBXTargetDependency */,
			);
			name = MicrosoftCognitiveServicesTests;
			productName = MicrosoftCognitiveServicesTests;
			productReference = 3838A1A41CB56AB500423913 /* MicrosoftCognitiveServicesTests.xctest */;
			productType = "com.apple.product-type.bundle.unit-test";
		};
/* End PBXNativeTarget section */

/* Begin PBXProject section */
		3838A1881CB56AB500423913 /* Project object */ = {
			isa = PBXProject;
			attributes = {
				LastSwiftUpdateCheck = 0720;
				LastUpgradeCheck = 0720;
				ORGANIZATIONNAME = "Hendrik von Prince";
				TargetAttributes = {
					3838A18F1CB56AB500423913 = {
						CreatedOnToolsVersion = 7.2.1;
						DevelopmentTeam = FGBTJ34R5F;
					};
					3838A1A31CB56AB500423913 = {
						CreatedOnToolsVersion = 7.2.1;
						DevelopmentTeam = FGBTJ34R5F;
						TestTargetID = 3838A18F1CB56AB500423913;
					};
				};
			};
			buildConfigurationList = 3838A18B1CB56AB500423913 /* Build configuration list for PBXProject "MicrosoftCognitiveServices" */;
			compatibilityVersion = "Xcode 3.2";
			developmentRegion = English;
			hasScannedForEncodings = 0;
			knownRegions = (
				en,
				Base,
			);
			mainGroup = 3838A1871CB56AB500423913;
			productRefGroup = 3838A1911CB56AB500423913 /* Products */;
			projectDirPath = "";
			projectRoot = "";
			targets = (
				3838A18F1CB56AB500423913 /* MicrosoftCognitiveServices */,
				3838A1A31CB56AB500423913 /* MicrosoftCognitiveServicesTests */,
			);
		};
/* End PBXProject section */

/* Begin PBXResourcesBuildPhase section */
		3838A18E1CB56AB500423913 /* Resources */ = {
			isa = PBXResourcesBuildPhase;
			buildActionMask = 2147483647;
			files = (
				3838A19E1CB56AB500423913 /* LaunchScreen.storyboard in Resources */,
				3838A19B1CB56AB500423913 /* Assets.xcassets in Resources */,
				3838A1991CB56AB500423913 /* Main.storyboard in Resources */,
			);
			runOnlyForDeploymentPostprocessing = 0;
		};
		3838A1A21CB56AB500423913 /* Resources */ = {
			isa = PBXResourcesBuildPhase;
			buildActionMask = 2147483647;
			files = (
			);
			runOnlyForDeploymentPostprocessing = 0;
		};
/* End PBXResourcesBuildPhase section */

/* Begin PBXSourcesBuildPhase section */
		3838A18C1CB56AB500423913 /* Sources */ = {
			isa = PBXSourcesBuildPhase;
			buildActionMask = 2147483647;
			files = (
				3838A1961CB56AB500423913 /* ViewController.swift in Sources */,
				3838A1941CB56AB500423913 /* AppDelegate.swift in Sources */,
			);
			runOnlyForDeploymentPostprocessing = 0;
		};
		3838A1A01CB56AB500423913 /* Sources */ = {
			isa = PBXSourcesBuildPhase;
			buildActionMask = 2147483647;
			files = (
				3838A1A91CB56AB500423913 /* MicrosoftCognitiveServicesTests.swift in Sources */,
			);
			runOnlyForDeploymentPostprocessing = 0;
		};
/* End PBXSourcesBuildPhase section */

/* Begin PBXTargetDependency section */
		3838A1A61CB56AB500423913 /* PBXTargetDependency */ = {
			isa = PBXTargetDependency;
			target = 3838A18F1CB56AB500423913 /* MicrosoftCognitiveServices */;
			targetProxy = 3838A1A51CB56AB500423913 /* PBXContainerItemProxy */;
		};
/* End PBXTargetDependency section */

/* Begin PBXVariantGroup section */
		3838A1971CB56AB500423913 /* Main.storyboard */ = {
			isa = PBXVariantGroup;
			children = (
				3838A1981CB56AB500423913 /* Base */,
			);
			name = Main.storyboard;
			sourceTree = "<group>";
		};
		3838A19C1CB56AB500423913 /* LaunchScreen.storyboard */ = {
			isa = PBXVariantGroup;
			children = (
				3838A19D1CB56AB500423913 /* Base */,
			);
			name = LaunchScreen.storyboard;
			sourceTree = "<group>";
		};
/* End PBXVariantGroup section */

/* Begin XCBuildConfiguration section */
		3838A1AB1CB56AB500423913 /* Debug */ = {
			isa = XCBuildConfiguration;
			buildSettings = {
				ALWAYS_SEARCH_USER_PATHS = NO;
				CLANG_CXX_LANGUAGE_STANDARD = "gnu++0x";
				CLANG_CXX_LIBRARY = "libc++";
				CLANG_ENABLE_MODULES = YES;
				CLANG_ENABLE_OBJC_ARC = YES;
				CLANG_WARN_BOOL_CONVERSION = YES;
				CLANG_WARN_CONSTANT_CONVERSION = YES;
				CLANG_WARN_DIRECT_OBJC_ISA_USAGE = YES_ERROR;
				CLANG_WARN_EMPTY_BODY = YES;
				CLANG_WARN_ENUM_CONVERSION = YES;
				CLANG_WARN_INT_CONVERSION = YES;
				CLANG_WARN_OBJC_ROOT_CLASS = YES_ERROR;
				CLANG_WARN_UNREACHABLE_CODE = YES;
				CLANG_WARN__DUPLICATE_METHOD_MATCH = YES;
				"CODE_SIGN_IDENTITY[sdk=iphoneos*]" = "iPhone Developer";
				COPY_PHASE_STRIP = NO;
				DEBUG_INFORMATION_FORMAT = dwarf;
				ENABLE_STRICT_OBJC_MSGSEND = YES;
				ENABLE_TESTABILITY = YES;
				GCC_C_LANGUAGE_STANDARD = gnu99;
				GCC_DYNAMIC_NO_PIC = NO;
				GCC_NO_COMMON_BLOCKS = YES;
				GCC_OPTIMIZATION_LEVEL = 0;
				GCC_PREPROCESSOR_DEFINITIONS = (
					"DEBUG=1",
					"$(inherited)",
				);
				GCC_WARN_64_TO_32_BIT_CONVERSION = YES;
				GCC_WARN_ABOUT_RETURN_TYPE = YES_ERROR;
				GCC_WARN_UNDECLARED_SELECTOR = YES;
				GCC_WARN_UNINITIALIZED_AUTOS = YES_AGGRESSIVE;
				GCC_WARN_UNUSED_FUNCTION = YES;
				GCC_WARN_UNUSED_VARIABLE = YES;
				IPHONEOS_DEPLOYMENT_TARGET = 9.2;
				MTL_ENABLE_DEBUG_INFO = YES;
				ONLY_ACTIVE_ARCH = YES;
				SDKROOT = iphoneos;
				SWIFT_OPTIMIZATION_LEVEL = "-Onone";
				TARGETED_DEVICE_FAMILY = 2;
			};
			name = Debug;
		};
		3838A1AC1CB56AB500423913 /* Release */ = {
			isa = XCBuildConfiguration;
			buildSettings = {
				ALWAYS_SEARCH_USER_PATHS = NO;
				CLANG_CXX_LANGUAGE_STANDARD = "gnu++0x";
				CLANG_CXX_LIBRARY = "libc++";
				CLANG_ENABLE_MODULES = YES;
				CLANG_ENABLE_OBJC_ARC = YES;
				CLANG_WARN_BOOL_CONVERSION = YES;
				CLANG_WARN_CONSTANT_CONVERSION = YES;
				CLANG_WARN_DIRECT_OBJC_ISA_USAGE = YES_ERROR;
				CLANG_WARN_EMPTY_BODY = YES;
				CLANG_WARN_ENUM_CONVERSION = YES;
				CLANG_WARN_INT_CONVERSION = YES;
				CLANG_WARN_OBJC_ROOT_CLASS = YES_ERROR;
				CLANG_WARN_UNREACHABLE_CODE = YES;
				CLANG_WARN__DUPLICATE_METHOD_MATCH = YES;
				"CODE_SIGN_IDENTITY[sdk=iphoneos*]" = "iPhone Developer";
				COPY_PHASE_STRIP = NO;
				DEBUG_INFORMATION_FORMAT = "dwarf-with-dsym";
				ENABLE_NS_ASSERTIONS = NO;
				ENABLE_STRICT_OBJC_MSGSEND = YES;
				GCC_C_LANGUAGE_STANDARD = gnu99;
				GCC_NO_COMMON_BLOCKS = YES;
				GCC_WARN_64_TO_32_BIT_CONVERSION = YES;
				GCC_WARN_ABOUT_RETURN_TYPE = YES_ERROR;
				GCC_WARN_UNDECLARED_SELECTOR = YES;
				GCC_WARN_UNINITIALIZED_AUTOS = YES_AGGRESSIVE;
				GCC_WARN_UNUSED_FUNCTION = YES;
				GCC_WARN_UNUSED_VARIABLE = YES;
				IPHONEOS_DEPLOYMENT_TARGET = 9.2;
				MTL_ENABLE_DEBUG_INFO = NO;
				SDKROOT = iphoneos;
				TARGETED_DEVICE_FAMILY = 2;
				VALIDATE_PRODUCT = YES;
			};
			name = Release;
		};
		3838A1AE1CB56AB500423913 /* Debug */ = {
			isa = XCBuildConfiguration;
			buildSettings = {
				ASSETCATALOG_COMPILER_APPICON_NAME = AppIcon;
				INFOPLIST_FILE = MicrosoftCognitiveServices/Info.plist;
				LD_RUNPATH_SEARCH_PATHS = "$(inherited) @executable_path/Frameworks";
				PRODUCT_BUNDLE_IDENTIFIER = org.hvp.MicrosoftCognitiveServices;
				PRODUCT_NAME = "$(TARGET_NAME)";
			};
			name = Debug;
		};
		3838A1AF1CB56AB500423913 /* Release */ = {
			isa = XCBuildConfiguration;
			buildSettings = {
				ASSETCATALOG_COMPILER_APPICON_NAME = AppIcon;
				INFOPLIST_FILE = MicrosoftCognitiveServices/Info.plist;
				LD_RUNPATH_SEARCH_PATHS = "$(inherited) @executable_path/Frameworks";
				PRODUCT_BUNDLE_IDENTIFIER = org.hvp.MicrosoftCognitiveServices;
				PRODUCT_NAME = "$(TARGET_NAME)";
			};
			name = Release;
		};
		3838A1B11CB56AB500423913 /* Debug */ = {
			isa = XCBuildConfiguration;
			buildSettings = {
				BUNDLE_LOADER = "$(TEST_HOST)";
				INFOPLIST_FILE = MicrosoftCognitiveServicesTests/Info.plist;
				LD_RUNPATH_SEARCH_PATHS = "$(inherited) @executable_path/Frameworks @loader_path/Frameworks";
				PRODUCT_BUNDLE_IDENTIFIER = org.hvp.MicrosoftCognitiveServicesTests;
				PRODUCT_NAME = "$(TARGET_NAME)";
				TEST_HOST = "$(BUILT_PRODUCTS_DIR)/MicrosoftCognitiveServices.app/MicrosoftCognitiveServices";
			};
			name = Debug;
		};
		3838A1B21CB56AB500423913 /* Release */ = {
			isa = XCBuildConfiguration;
			buildSettings = {
				BUNDLE_LOADER = "$(TEST_HOST)";
				INFOPLIST_FILE = MicrosoftCognitiveServicesTests/Info.plist;
				LD_RUNPATH_SEARCH_PATHS = "$(inherited) @executable_path/Frameworks @loader_path/Frameworks";
				PRODUCT_BUNDLE_IDENTIFIER = org.hvp.MicrosoftCognitiveServicesTests;
				PRODUCT_NAME = "$(TARGET_NAME)";
				TEST_HOST = "$(BUILT_PRODUCTS_DIR)/MicrosoftCognitiveServices.app/MicrosoftCognitiveServices";
			};
			name = Release;
		};
/* End XCBuildConfiguration section */

/* Begin XCConfigurationList section */
		3838A18B1CB56AB500423913 /* Build configuration list for PBXProject "MicrosoftCognitiveServices" */ = {
			isa = XCConfigurationList;
			buildConfigurations = (
				3838A1AB1CB56AB500423913 /* Debug */,
				3838A1AC1CB56AB500423913 /* Release */,
			);
			defaultConfigurationIsVisible = 0;
			defaultConfigurationName = Release;
		};
		3838A1AD1CB56AB500423913 /* Build configuration list for PBXNativeTarget "MicrosoftCognitiveServices" */ = {
			isa = XCConfigurationList;
			buildConfigurations = (
				3838A1AE1CB56AB500423913 /* Debug */,
				3838A1AF1CB56AB500423913 /* Release */,
			);
			defaultConfigurationIsVisible = 0;
		};
		3838A1B01CB56AB500423913 /* Build configuration list for PBXNativeTarget "MicrosoftCognitiveServicesTests" */ = {
			isa = XCConfigurationList;
			buildConfigurations = (
				3838A1B11CB56AB500423913 /* Debug */,
				3838A1B21CB56AB500423913 /* Release */,
			);
			defaultConfigurationIsVisible = 0;
		};
/* End XCConfigurationList section */
	};
	rootObject = 3838A1881CB56AB500423913 /* Project object */;
}
